{
  "projects": [
    {
      "projectId": "58GpZjZCWTaJ8AUhpCwt2K",
      "version": "3.23.0",
      "dependencies": {},
      "lang": "ts",
      "fileLocks": [
        {
          "assetId": "58GpZjZCWTaJ8AUhpCwt2K",
          "type": "projectCss",
          "checksum": "fd84921cc10936e6ceb458c2ae01c4bd"
        }
      ],
      "codegenVersion": "0.0.1"
    },
    {
      "projectId": "7nJ7UcFmq9UzB6eXfC5z4a",
      "version": "0.26.0",
      "dependencies": {},
      "lang": "ts",
      "fileLocks": [
        {
          "assetId": "7nJ7UcFmq9UzB6eXfC5z4a",
          "type": "projectCss",
          "checksum": "05587b57f22f0ec8bb54543deb39762e"
        }
      ],
      "codegenVersion": "0.0.1"
    },
    {
      "projectId": "5tWDiAgUTdz7ysSUErE2jR",
      "version": "latest",
      "dependencies": {
        "7nJ7UcFmq9UzB6eXfC5z4a": "0.26.0",
        "58GpZjZCWTaJ8AUhpCwt2K": "3.23.0"
      },
      "lang": "ts",
      "fileLocks": [
        {
          "type": "globalVariant",
          "assetId": "998M-5MNXqGH",
          "checksum": "e11fb5f073ffdc2832c2dc46d6166cb4"
        },
        {
          "assetId": "5tWDiAgUTdz7ysSUErE2jR",
          "type": "projectCss",
          "checksum": "0edb862c59535b35c21b7a9d6e7bbaa6"
        },
        {
          "type": "renderModule",
          "assetId": "6zc5W0pjThjo",
          "checksum": "574452d2de32d4852f30134e12d0285d"
        },
        {
          "type": "cssRules",
          "assetId": "6zc5W0pjThjo",
          "checksum": "574452d2de32d4852f30134e12d0285d"
        },
        {
          "type": "renderModule",
          "assetId": "GIqs2djGDAV3",
          "checksum": "d47eea3f395b83d50f62f977a0443b1f"
        },
        {
          "type": "cssRules",
          "assetId": "GIqs2djGDAV3",
          "checksum": "d47eea3f395b83d50f62f977a0443b1f"
        },
        {
          "type": "renderModule",
          "assetId": "DszEePRpd7s8",
          "checksum": "2c331578adf93d411ec59e5b06c947f7"
        },
        {
          "type": "cssRules",
          "assetId": "DszEePRpd7s8",
          "checksum": "2c331578adf93d411ec59e5b06c947f7"
        },
        {
          "type": "renderModule",
          "assetId": "40zgIlKkXKt9",
          "checksum": "74542ac1d21c824fc401878d7615d6c9"
        },
        {
          "type": "cssRules",
          "assetId": "40zgIlKkXKt9",
          "checksum": "74542ac1d21c824fc401878d7615d6c9"
        },
        {
          "type": "renderModule",
          "assetId": "HNC7aiNHKsJe",
          "checksum": "48299aa926d502644d7aa8c6b408d646"
        },
        {
          "type": "cssRules",
          "assetId": "HNC7aiNHKsJe",
          "checksum": "48299aa926d502644d7aa8c6b408d646"
        },
        {
          "type": "renderModule",
          "assetId": "9Y5te3P4f3hz",
          "checksum": "05a915499d721bc26d771ecb83c85e4c"
        },
        {
          "type": "cssRules",
          "assetId": "9Y5te3P4f3hz",
          "checksum": "05a915499d721bc26d771ecb83c85e4c"
        },
        {
          "type": "renderModule",
          "assetId": "UDjiH2SkqjxO",
          "checksum": "c7dde4d7c3a3242058c7fe805f339904"
        },
        {
          "type": "cssRules",
          "assetId": "UDjiH2SkqjxO",
          "checksum": "c7dde4d7c3a3242058c7fe805f339904"
        },
        {
          "type": "renderModule",
          "assetId": "A-4-O7ntONyr",
          "checksum": "e87edea477d54ec5beb432866bd828f5"
        },
        {
          "type": "cssRules",
          "assetId": "A-4-O7ntONyr",
          "checksum": "e87edea477d54ec5beb432866bd828f5"
        },
        {
          "type": "renderModule",
          "assetId": "isPld9o9elpU",
          "checksum": "339339a82c62a2c8bab47ca7d7df7bc0"
        },
        {
          "type": "cssRules",
          "assetId": "isPld9o9elpU",
          "checksum": "339339a82c62a2c8bab47ca7d7df7bc0"
        },
        {
          "type": "renderModule",
          "assetId": "17CDLVnA4Lfq",
          "checksum": "b564d695a09c8f5cd6c03ff09ffff8a1"
        },
        {
          "type": "cssRules",
          "assetId": "17CDLVnA4Lfq",
          "checksum": "b564d695a09c8f5cd6c03ff09ffff8a1"
        },
        {
          "type": "icon",
          "assetId": "IkiC3DPZsAfu",
          "checksum": "d8a604cdccc187acd0b0b65d8420aef5"
        },
        {
          "type": "icon",
          "assetId": "qZtiSEIHFdqM",
          "checksum": "d059ef8ea2404a6b41fe29fe5185ddb9"
        },
        {
          "type": "icon",
          "assetId": "RcqPKw8_4zRx",
          "checksum": "c57b460f61bb26286afa1aa6ddd6aa8f"
        },
        {
          "type": "icon",
          "assetId": "QoxzdRXwsrnT",
          "checksum": "915e5ff46556ca943dabd4d74a7681bf"
        },
        {
          "type": "icon",
          "assetId": "ElkIw3yeJEtt",
          "checksum": "6d752bed18ae11805c95a224e1480071"
        },
        {
          "type": "icon",
          "assetId": "Sf_CfDwiYFrm",
          "checksum": "18a37e09557ff151aecbefdf3866a7b2"
        },
        {
          "type": "icon",
          "assetId": "oP8kk7Eb4YB1",
          "checksum": "741bbd7ea387508b3ef5d2288889b930"
        },
        {
          "type": "icon",
          "assetId": "WHkoh3ZC0Pqn",
          "checksum": "d9950b7f8d830cdf54195c6a31a027c8"
        },
        {
          "type": "icon",
          "assetId": "bBIAUL7MydQ3",
          "checksum": "591e2e9bf4ee161842f513cc119f1dc9"
        },
        {
          "type": "icon",
          "assetId": "poU-_Qn3UD8m",
          "checksum": "228369ac4c9c9fef2e1c76b7d226d624"
        },
        {
          "type": "image",
          "assetId": "jpytFld_XP2Z",
          "checksum": "59c37eb603548efb4c65f2fe9bd8b3dd"
        },
        {
          "type": "image",
          "assetId": "Lzcst8GI5evr",
          "checksum": "9739d94ce28b01e1a37ba68feef55b56"
        },
        {
          "type": "image",
          "assetId": "VNiE9U5-NmC8",
          "checksum": "754061c4a309e319ba5115ab76843892"
        },
        {
          "type": "image",
          "assetId": "qFP4yDjHq2NK",
          "checksum": "a3d98b99f293812e092d3995f9d0b955"
        },
        {
          "type": "image",
          "assetId": "1k2auUdu-huB",
          "checksum": "3082709738f9b95a7014086900377fa9"
        },
        {
          "type": "image",
          "assetId": "Bt-KZJVeVGnF",
          "checksum": "204f287ca03c4642282ed399ba20e496"
        },
        {
          "type": "image",
          "assetId": "wNRP0eAIZSJe",
          "checksum": "376b5a1f798ec2e6eb6cb891159c66f1"
        },
        {
          "type": "image",
          "assetId": "_aK7fFTQoxPP",
          "checksum": "a1b45616d2b14fefdcd69173f23a9c3a"
        },
        {
          "type": "image",
          "assetId": "yU9nLJjA5KYX",
          "checksum": "9b55950823a01fb39f4afe0542f9ec58"
        },
        {
          "type": "image",
          "assetId": "Zqaw8UpaBhBs",
          "checksum": "a62ab6956b3057002e7b0a489f52fa0d"
        },
        {
          "type": "image",
          "assetId": "Qjb5AlEppWbO",
          "checksum": "472b24b1806180b6d3d8c35925e11583"
        },
        {
          "type": "image",
          "assetId": "hg19ybdV5O-A",
          "checksum": "89f24027e9cee5f760f304d31ce68a51"
        },
        {
          "type": "image",
          "assetId": "dNIWKEQgdJOc",
          "checksum": "30098b145c5c3d76c038f4dcf067e186"
        },
        {
          "type": "image",
          "assetId": "QF0mfK2-hqva",
          "checksum": "1e4ea16f36289ced4807a9c0c3aa8d8a"
        },
        {
          "type": "image",
          "assetId": "6hiOW9No0-uZ",
          "checksum": "632763ddfa6d8ddf2877a490ed145e4c"
        },
        {
          "type": "image",
          "assetId": "c7sz0R0iKYPL",
          "checksum": "8fbdc0b6086403b8d10906991a84b722"
        },
        {
          "type": "image",
          "assetId": "gKZd9097tqlE",
          "checksum": "3bf464c22867b0595d4bbf17242da23a"
        },
        {
          "type": "image",
          "assetId": "FzFdkKynoK0S",
          "checksum": "8e48662d24082254e098df7f4f41ee47"
        },
        {
          "type": "image",
          "assetId": "2QqRZ2vxgQKp",
          "checksum": "159b8818753ea4cc50fa68059ee2a5d9"
        },
        {
          "type": "image",
          "assetId": "gZ_HNpndqiOH",
          "checksum": "3549afa843271d1f0a55b06daac67e53"
        },
        {
          "type": "image",
          "assetId": "fqXHfnP5Fs4k",
          "checksum": "4d71961c081759cba3b0ffc2e0ba8c85"
        },
        {
          "type": "image",
          "assetId": "LASwBTuu9t-2",
          "checksum": "35a7984517c1321c697c49a641226eb9"
        },
        {
          "type": "image",
          "assetId": "linkvvn6EI4S",
          "checksum": "68b633b155f960e1474b88ab73a544af"
        },
        {
          "type": "image",
          "assetId": "IU1ODJGHIMO9",
          "checksum": "567da8a2ce80a3b854e3fd16bb417c22"
        },
        {
          "type": "image",
          "assetId": "oaLFpBD7n-kF",
          "checksum": "d1078318828a4fa39d2027234130879c"
        },
        {
          "type": "image",
          "assetId": "G5PHJX-kZjt_",
          "checksum": "2a943dd28141777ead1c667ac7628585"
        },
        {
          "type": "image",
          "assetId": "E3XPKsAFHyx8",
          "checksum": "02527e7331c9a4e6f499248e5d164cae"
        },
        {
          "type": "image",
          "assetId": "obxST9Qe8mR4",
          "checksum": "f3b3d91d23ebd83a10960bdebc9cd5f6"
        },
        {
          "type": "image",
          "assetId": "WunyPKWsRlQr",
          "checksum": "6fe8f45bf55adb7e1c4e593d08f4f2e3"
        },
        {
          "type": "image",
          "assetId": "uE6k1ckzDgXe",
          "checksum": "54f94f2d219cc5277c24207ae43a00cf"
        },
        {
          "type": "image",
          "assetId": "3dvFTDEOTBj8",
          "checksum": "46726d350c5aa531a57b35bcec2012f7"
        },
        {
          "type": "image",
          "assetId": "pl5qctv1Inbw",
          "checksum": "bd2fe312d184452a97957880f87a1487"
        },
        {
          "type": "image",
          "assetId": "tQKKq5xPRt-n",
          "checksum": "9c99a97de59afccccbc3144e0356dee9"
        },
        {
          "type": "image",
          "assetId": "zCstAMCafi87",
          "checksum": "5ac17cbf33bbf009206134bc74d7a920"
        },
        {
          "type": "image",
          "assetId": "WIET9Z10b2-n",
          "checksum": "56d3f55714a99ea44b912bebe5bbae31"
        },
        {
          "type": "image",
          "assetId": "xtfJIOyPAy-Z",
          "checksum": "5d77e50e3cd1a0dc7f87e929832506f2"
        },
        {
          "type": "image",
          "assetId": "WhgWO3nNXD4C",
          "checksum": "928cc65f06463694ca159b2f22547d30"
        },
        {
          "type": "image",
          "assetId": "40B3G3hVo-kY",
          "checksum": "f6bad78164d69e2e840c1f08f2e1cd48"
        },
        {
          "type": "image",
          "assetId": "YwsrW75ys-EX",
          "checksum": "a8f38b0171b750e2e7ed94f8793a5d9a"
        },
        {
          "type": "image",
          "assetId": "ncoEYNGcIb_P",
          "checksum": "e422b2e5a8ac37e938dc468d2d20a016"
        },
        {
          "type": "image",
          "assetId": "riOoRryW8ETc",
          "checksum": "2ed4699f14b7f9ecfe44d6032be73aa3"
        },
        {
          "type": "image",
          "assetId": "WTngCBNIJTNZ",
          "checksum": "580d1dd0a9fb621cad731b9589fb337d"
        },
        {
          "type": "image",
          "assetId": "TwkqHAJHpAYs",
          "checksum": "ad02d27a62077c89764c45630ed69962"
        },
        {
          "type": "image",
          "assetId": "HipJwAS78zIs",
          "checksum": "fa8496b58f2aa9800686e4e9dc5c0fe3"
        }
      ],
      "codegenVersion": "0.0.1"
    }
  ],
  "cliVersion": "0.1.327"
}
